github.com/kagurazakayashi/libNyaruko_Go/nyaapiserver v0.0.0-20260217122213-179e7d619d7d h1:WT5fvIyqh2XintWhbtg3ZX7zYQLqWVOzG8yj5o7hwz8=
github.com/kagurazakayashi/libNyaruko_Go/nyaapiserver v0.0.0-20260217122213-179e7d619d7d/go.mod h1:yzYhw5Hvx6EiFC7Qi6msJLUwDSNMspioSiBdUcrFyQ0=
github.com/kagurazakayashi/libNyaruko_Go/nyaapiserver v0.0.0-20260218123828-59d3da5bb033 h1:svYRzZc5G2Fc9hvBhhtMSORaWwogRP26wl1RFEfX3v0=
github.com/kagurazakayashi/libNyaruko_Go/nyaapiserver v0.0.0-20260218123828-59d3da5bb033/go.mod h1:yzYhw5Hvx6EiFC7Qi6msJLUwDSNMspioSiBdUcrFyQ0=
